{
  "name": "xforce-cli",
  "version": "1.0.3",
  "lockfileVersion": 1,
  "requires": true,
  "dependencies": {
    "download-git-repo": {
      "version": "1.0.2",
      "resolved": "http://registry.npm.taobao.org/download-git-repo/download/download-git-repo-1.0.2.tgz",
      "dependencies": {
        "download": {
          "version": "http://registry.npm.taobao.org/download/download/download-5.0.3.tgz",
          "bundled": true
        },
        "git-clone": {
          "version": "http://registry.npm.taobao.org/git-clone/download/git-clone-0.1.0.tgz",
          "bundled": true
        },
        "rimraf": {
          "version": "http://registry.npm.taobao.org/rimraf/download/rimraf-2.6.2.tgz",
          "bundled": true,
          "dependencies": {
            "glob": {
              "version": "http://registry.npm.taobao.org/glob/download/glob-7.1.2.tgz",
              "bundled": true
            }
          }
        }
      }
    },
    "fs-extra": {
      "version": "7.0.0",
      "resolved": "https://registry.npmjs.org/fs-extra/-/fs-extra-7.0.0.tgz",
      "integrity": "sha512-EglNDLRpmaTWiD/qraZn6HREAEAHJcJOmxNEYwq6xeMKnVMAy3GUcFB+wXt2C6k4CNvB/mP1y/U3dzvKKj5OtQ==",
      "requires": {
        "graceful-fs": "^4.1.2",
        "jsonfile": "^4.0.0",
        "universalify": "^0.1.0"
      },
      "dependencies": {
        "universalify": {
          "version": "0.1.2",
          "resolved": "https://registry.npmjs.org/universalify/-/universalify-0.1.2.tgz",
          "integrity": "sha512-rBJeI5CXAlmy1pV+617WB9J63U6XcazHHF2f2dbJix4XzpUF0RS3Zbj0FGIOCAva5P/d/GBOYaACQ1w+0azUkg=="
        }
      }
    },
    "graceful-fs": {
      "version": "4.1.11",
      "resolved": "http://registry.npm.taobao.org/graceful-fs/download/graceful-fs-4.1.11.tgz"
    },
    "iconv-lite": {
      "version": "0.4.23",
      "resolved": "http://registry.npm.taobao.org/iconv-lite/download/iconv-lite-0.4.23.tgz",
      "dependencies": {
        "safer-buffer": {
          "version": "http://registry.npm.taobao.org/safer-buffer/download/safer-buffer-2.1.2.tgz",
          "bundled": true
        }
      }
    },
    "inquirer": {
      "version": "6.0.0",
      "resolved": "http://registry.npm.taobao.org/inquirer/download/inquirer-6.0.0.tgz",
      "dependencies": {
        "ansi-escapes": {
          "version": "http://registry.npm.taobao.org/ansi-escapes/download/ansi-escapes-3.1.0.tgz",
          "bundled": true
        },
        "chalk": {
          "version": "http://registry.npm.taobao.org/chalk/download/chalk-2.4.1.tgz",
          "bundled": true,
          "dependencies": {
            "ansi-styles": {
              "version": "http://registry.npm.taobao.org/ansi-styles/download/ansi-styles-3.2.1.tgz",
              "dependencies": {
                "color-convert": {
                  "version": "http://registry.npm.taobao.org/color-convert/download/color-convert-1.9.2.tgz",
                  "bundled": true
                }
              }
            },
            "escape-string-regexp": {
              "version": "http://registry.npm.taobao.org/escape-string-regexp/download/escape-string-regexp-1.0.5.tgz"
            },
            "supports-color": {
              "version": "http://registry.npm.taobao.org/supports-color/download/supports-color-5.4.0.tgz"
            }
          }
        },
        "cli-cursor": {
          "version": "http://registry.npm.taobao.org/cli-cursor/download/cli-cursor-2.1.0.tgz",
          "bundled": true
        },
        "cli-width": {
          "version": "http://registry.npm.taobao.org/cli-width/download/cli-width-2.2.0.tgz",
          "bundled": true
        },
        "external-editor": {
          "version": "http://registry.npm.taobao.org/external-editor/download/external-editor-3.0.0.tgz",
          "bundled": true
        },
        "figures": {
          "version": "http://registry.npm.taobao.org/figures/download/figures-2.0.0.tgz",
          "bundled": true
        },
        "lodash": {
          "version": "http://registry.npm.taobao.org/lodash/download/lodash-4.17.10.tgz",
          "bundled": true
        },
        "mute-stream": {
          "version": "http://registry.npm.taobao.org/mute-stream/download/mute-stream-0.0.7.tgz",
          "bundled": true
        },
        "run-async": {
          "version": "http://registry.npm.taobao.org/run-async/download/run-async-2.3.0.tgz",
          "bundled": true
        },
        "rxjs": {
          "version": "http://registry.npm.taobao.org/rxjs/download/rxjs-6.2.2.tgz",
          "bundled": true
        },
        "string-width": {
          "version": "http://registry.npm.taobao.org/string-width/download/string-width-2.1.1.tgz",
          "bundled": true
        },
        "strip-ansi": {
          "version": "http://registry.npm.taobao.org/strip-ansi/download/strip-ansi-4.0.0.tgz",
          "bundled": true,
          "dependencies": {
            "ansi-regex": {
              "version": "http://registry.npm.taobao.org/ansi-regex/download/ansi-regex-3.0.0.tgz"
            }
          }
        },
        "through": {
          "version": "http://registry.npm.taobao.org/through/download/through-2.3.8.tgz",
          "bundled": true
        }
      }
    },
    "jsonfile": {
      "version": "4.0.0",
      "resolved": "http://registry.npm.taobao.org/jsonfile/download/jsonfile-4.0.0.tgz",
      "requires": {
        "graceful-fs": "^4.1.6"
      },
      "dependencies": {
        "graceful-fs": {
          "version": "http://registry.npm.taobao.org/graceful-fs/download/graceful-fs-4.1.11.tgz",
          "bundled": true
        }
      }
    }
  }
}
